# This lock file was generated by conda-lock (https://github.com/conda/conda-lock). DO NOT EDIT!
#
# A "lock file" contains a concrete list of package versions (with checksums) to be installed. Unlike
# e.g. `conda env create`, the resulting environment will not change as new package versions become
# available, unless you explicitly update the lock file.
#
# Install this environment as "YOURENV" with:
#     conda-lock install -n YOURENV conda-lock.yml
# To update a single package to the latest version compatible with the version constraints in the source:
#     conda-lock lock  --lockfile conda-lock.yml --update PACKAGE
# To re-solve the entire environment, e.g. after changing a version constraint in the source file:
#     conda-lock -f environment.yml --lockfile conda-lock.yml
version: 1
metadata:
  content_hash:
    osx-64: 5c0fe15c6e0c6cd2731eb0f19fb6abf8e37a17602f646d4ffac91b1c3651a036
    linux-64: 5a7dec93308cbd72e596d06bdafe2b8af16e759999612b995a603a1751bd0f02
  channels:
  - url: defaults
    used_env_vars: []
  platforms:
  - osx-64
  - linux-64
  sources:
  - environment.yml
package:
- name: _libgcc_mutex
  version: '0.1'
  manager: conda
  platform: linux-64
  dependencies: {}
  url: https://repo.anaconda.com/pkgs/main/linux-64/_libgcc_mutex-0.1-main.conda
  hash:
    md5: c3473ff8bdb3d124ed5ff11ec380d6f9
    sha256: 476626712f60e5ef0fe04c354727152b1ee5285d57ccd3575c7be930122bd051
  category: main
  optional: false
- name: _openmp_mutex
  version: '5.1'
  manager: conda
  platform: linux-64
  dependencies:
    _libgcc_mutex: '0.1'
    libgomp: '>=7.5.0'
  url: https://repo.anaconda.com/pkgs/main/linux-64/_openmp_mutex-5.1-1_gnu.conda
  hash:
    md5: 71d281e9c2192cb3fa425655a8defb85
    sha256: 576011048d23f2e03372263493c5529f802286ff53e8426df99a5b11cc2572f3
  category: main
  optional: false
- name: bzip2
  version: 1.0.8
  manager: conda
  platform: linux-64
  dependencies:
    libgcc-ng: '>=11.2.0'
  url: https://repo.anaconda.com/pkgs/main/linux-64/bzip2-1.0.8-h5eee18b_6.conda
  hash:
    md5: f21a3ff51c1b271977f53ce956a69297
    sha256: 235f266d5f9c3c61748bb1af0eff21bc7ed2a2a356b97ff28d9c1135039b08b0
  category: main
  optional: false
- name: bzip2
  version: 1.0.8
  manager: conda
  platform: osx-64
  dependencies: {}
  url: https://repo.anaconda.com/pkgs/main/osx-64/bzip2-1.0.8-h6c40b1e_6.conda
  hash:
    md5: 96224786021d0765ce05818fa3c59bdb
    sha256: 80bd9cac4f086056b4d2b8720fcfdc1dd8354be9f93b4aef1a853cdbc987e9bf
  category: main
  optional: false
- name: ca-certificates
  version: 2025.11.4
  manager: conda
  platform: linux-64
  dependencies: {}
  url: https://repo.anaconda.com/pkgs/main/linux-64/ca-certificates-2025.11.4-h06a4308_0.conda
  hash:
    md5: f04cd5aa67216b77e8f664bb4c7098a4
    sha256: 3568354f873f4ac03cc2ad131b354b697941aa9f9c274c06ea34ea3d26b65409
  category: main
  optional: false
- name: ca-certificates
  version: 2025.7.15
  manager: conda
  platform: osx-64
  dependencies: {}
  url: https://repo.anaconda.com/pkgs/main/osx-64/ca-certificates-2025.7.15-hecd8cb5_0.conda
  hash:
    md5: ea4972f40e8b15965ef0cea7f9bdfd06
    sha256: 3f971f82dd2342a6d8370ec059d90d65e216ee3f30fab5749f68536be1ee3a59
  category: main
  optional: false
- name: freetype
  version: 2.13.3
  manager: conda
  platform: linux-64
  dependencies:
    libgcc-ng: '>=11.2.0'
    libpng: '>=1.6.39,<1.7.0a0'
    zlib: '>=1.2.13,<2.0.0a0'
  url: https://repo.anaconda.com/pkgs/main/linux-64/freetype-2.13.3-h4a9f257_0.conda
  hash:
    md5: 47113ca1b80dae5fcf0715571267fdef
    sha256: f751d892d3a8ebfebcfb61b8dd01162f7cfadb317b85163b3175b515b0e7dfec
  category: main
  optional: false
- name: freetype
  version: 2.13.3
  manager: conda
  platform: osx-64
  dependencies:
    libpng: '>=1.6.39,<1.7.0a0'
    zlib: '>=1.2.13,<1.3.0a0'
  url: https://repo.anaconda.com/pkgs/main/osx-64/freetype-2.13.3-h02243ff_0.conda
  hash:
    md5: acf5e48106235eb200eecb79119c7ffc
    sha256: 231376a651fdf4940546881e8dc06184c75ef6a6808b5a28b2861432d638b6a4
  category: main
  optional: false
- name: ld_impl_linux-64
  version: '2.44'
  manager: conda
  platform: linux-64
  dependencies:
    __glibc: '>=2.28,<3.0.a0'
  url: https://repo.anaconda.com/pkgs/main/linux-64/ld_impl_linux-64-2.44-h153f514_2.conda
  hash:
    md5: dffdc9a0e09d04051d4bd758e104f4b3
    sha256: 89bc181d3d5976e5d7a763329c8877031e36ae5a3e9eabe7475e3cb1f55f5822
  category: main
  optional: false
- name: libffi
  version: 3.4.4
  manager: conda
  platform: linux-64
  dependencies:
    libgcc-ng: '>=11.2.0'
    libstdcxx-ng: '>=11.2.0'
  url: https://repo.anaconda.com/pkgs/main/linux-64/libffi-3.4.4-h6a678d5_1.conda
  hash:
    md5: 70646cc713f0c43926cfdcfe9b695fe0
    sha256: b0e7fe2e5d498bc5a2c57cf942701bba8f22ec55de55e092ffbffc40b816df88
  category: main
  optional: false
- name: libffi
  version: 3.4.4
  manager: conda
  platform: osx-64
  dependencies: {}
  url: https://repo.anaconda.com/pkgs/main/osx-64/libffi-3.4.4-hecd8cb5_1.conda
  hash:
    md5: eb7f09ada4d95f1a26f483f1009d9286
    sha256: b8b8f0b62fd87118de2b967d042f2269abac54adc4356cba0f417d3119cdd605
  category: main
  optional: false
- name: libgcc
  version: 15.2.0
  manager: conda
  platform: linux-64
  dependencies:
    __glibc: '>=2.28,<3.0.a0'
    _openmp_mutex: '>=4.5'
  url: https://repo.anaconda.com/pkgs/main/linux-64/libgcc-15.2.0-h69a1729_7.conda
  hash:
    md5: 01fb1b8725fc7f66312b9d409758917a
    sha256: baf9d8d16e2a8ae7a4d1b80f2c1a932deaca1a87c677a370f6ab4688482db47b
  category: main
  optional: false
- name: libgcc-ng
  version: 15.2.0
  manager: conda
  platform: linux-64
  dependencies:
    _libgcc_mutex: '*'
    libgcc: 15.2.0
  url: https://repo.anaconda.com/pkgs/main/linux-64/libgcc-ng-15.2.0-h166f726_7.conda
  hash:
    md5: 2783efb2502b9caa7f08e25fd54df899
    sha256: 3a3678f17a8916777d03b83f19f673107b4a9bf55366234dcfa42edbd5173123
  category: main
  optional: false
- name: libgomp
  version: 15.2.0
  manager: conda
  platform: linux-64
  dependencies:
    __glibc: '>=2.28,<3.0.a0'
  url: https://repo.anaconda.com/pkgs/main/linux-64/libgomp-15.2.0-h4751f2c_7.conda
  hash:
    md5: 82025ed6da944bd419d42d9b1ff116aa
    sha256: 835e44371812c91563a00dec8bc98c460f8b9f33f50543244bc8774c446a2172
  category: main
  optional: false
- name: libpng
  version: 1.6.50
  manager: conda
  platform: linux-64
  dependencies:
    __glibc: '>=2.28,<3.0.a0'
    libgcc-ng: '>=11.2.0'
    zlib: '>=1.2.13,<2.0a0'
  url: https://repo.anaconda.com/pkgs/main/linux-64/libpng-1.6.50-h2ed474d_0.conda
  hash:
    md5: e4dc59ce984d4e12c85d8368fbb35c4a
    sha256: 997dd220e748df4701ca0ef1b5e9553d8774f44ba593a09c7d7b4a391f6ad87e
  category: main
  optional: false
- name: libpng
  version: 1.6.39
  manager: conda
  platform: osx-64
  dependencies:
    zlib: '>=1.2.13,<1.3.0a0'
  url: https://repo.anaconda.com/pkgs/main/osx-64/libpng-1.6.39-h6c40b1e_0.conda
  hash:
    md5: a3c824835f53ad27aeb86d2b55e47804
    sha256: 4d2d76f98b28a7f08581c84fd9cc55000196ee4d2be454d1a78ff3612c087b5a
  category: main
  optional: false
- name: libstdcxx
  version: 15.2.0
  manager: conda
  platform: linux-64
  dependencies:
    __glibc: '>=2.28,<3.0.a0'
    libgcc: 15.2.0
  url: https://repo.anaconda.com/pkgs/main/linux-64/libstdcxx-15.2.0-h39759b7_7.conda
  hash:
    md5: 7dc7ec61ceea5de17f3e2c4c5f442fc6
    sha256: 747474162ae421d680ab3374d8b11158701206d4a9c4a8f9de557dd6fc13345a
  category: main
  optional: false
- name: libstdcxx-ng
  version: 15.2.0
  manager: conda
  platform: linux-64
  dependencies:
    libstdcxx: 15.2.0
  url: https://repo.anaconda.com/pkgs/main/linux-64/libstdcxx-ng-15.2.0-hc03a8fd_7.conda
  hash:
    md5: cf200522c0b13d64bf81035358d05f5b
    sha256: 7a39becf3c7dd6016d4b6d24587071cda2afefcdf2886ad16572095261c87b90
  category: main
  optional: false
- name: libuuid
  version: 1.41.5
  manager: conda
  platform: linux-64
  dependencies:
    libgcc-ng: '>=11.2.0'
  url: https://repo.anaconda.com/pkgs/main/linux-64/libuuid-1.41.5-h5eee18b_0.conda
  hash:
    md5: 4a6a2354414c9080327274aa514e5299
    sha256: 2a401aafabac51b7736cfe12d2ab205d29052640ea8183253c9d0a8e7ed0d49a
  category: main
  optional: false
- name: libxcb
  version: 1.17.0
  manager: conda
  platform: linux-64
  dependencies:
    libgcc-ng: '>=11.2.0'
    pthread-stubs: ''
    xorg-libxau: '>=1.0.12,<2.0a0'
    xorg-libxdmcp: '>=1.1.5,<2.0a0'
  url: https://repo.anaconda.com/pkgs/main/linux-64/libxcb-1.17.0-h9b100fa_0.conda
  hash:
    md5: fdf0d380fa3809a301e2dbc0d5183883
    sha256: f9cd1564fc83261ddba7496404f18143d4f8fda52e42c040005c1b1ad3e47f56
  category: main
  optional: false
- name: libzlib
  version: 1.3.1
  manager: conda
  platform: linux-64
  dependencies:
    __glibc: '>=2.17,<3.0.a0'
    libgcc-ng: '>=11.2.0'
  url: https://repo.anaconda.com/pkgs/main/linux-64/libzlib-1.3.1-hb25bd0a_0.conda
  hash:
    md5: 338ee51e19ee211b7fc994d4ba88c631
    sha256: 2e0a3ea3aba7ffaa9c2ce9b267b34b12859f93bde8e62cedcbbab6144776568f
  category: main
  optional: false
- name: ncurses
  version: '6.5'
  manager: conda
  platform: linux-64
  dependencies:
    __glibc: '>=2.17,<3.0.a0'
    libgcc-ng: '>=11.2.0'
  url: https://repo.anaconda.com/pkgs/main/linux-64/ncurses-6.5-h7934f7d_0.conda
  hash:
    md5: 0abfc090299da4bb031b84c64309757b
    sha256: 5ab33c1e90efbb3507116ae00d1f6740ec74104bb7028dc017f5f76796cee154
  category: main
  optional: false
- name: ncurses
  version: '6.5'
  manager: conda
  platform: osx-64
  dependencies:
    __osx: '>=10.15'
  url: https://repo.anaconda.com/pkgs/main/osx-64/ncurses-6.5-h923df54_0.conda
  hash:
    md5: 344eea75f2dc4bdbbe0ee4a263b4b103
    sha256: 64e55c28362595e21e6ed3953ee8d79f28e25d390e4604fea6f932605946936b
  category: main
  optional: false
- name: openssl
  version: 3.0.18
  manager: conda
  platform: linux-64
  dependencies:
    __glibc: '>=2.28,<3.0.a0'
    ca-certificates: ''
    libgcc-ng: '>=11.2.0'
  url: https://repo.anaconda.com/pkgs/main/linux-64/openssl-3.0.18-hd6dcaed_0.conda
  hash:
    md5: 3762b8999909b69745881cf4b8dd2816
    sha256: f262c6c46dac161f7832b5f2de4979eee8728b07db5a910e269ec1b3b29c8767
  category: main
  optional: false
- name: openssl
  version: 3.0.17
  manager: conda
  platform: osx-64
  dependencies:
    ca-certificates: ''
  url: https://repo.anaconda.com/pkgs/main/osx-64/openssl-3.0.17-hee2dfae_0.conda
  hash:
    md5: 12d105e2148a26048a75ebc2d0b6d2d4
    sha256: cac05e7161155f1b18b956736abbcbec794fc3eff5b6d686d22c9e321b26d1b5
  category: main
  optional: false
- name: pip
  version: '25.3'
  manager: conda
  platform: linux-64
  dependencies:
    python: '>=3.9,<3.14.0a0'
    setuptools: ''
    wheel: ''
  url: https://repo.anaconda.com/pkgs/main/noarch/pip-25.3-pyhc872135_0.conda
  hash:
    md5: f713912a259ec613b3832c3bc842e9d4
    sha256: 7f202833777e8b2ab96c154db1fac0e82d0ee004f4ec9460ba99e1d3f64c7e6a
  category: main
  optional: false
- name: pip
  version: '25.3'
  manager: conda
  platform: osx-64
  dependencies:
    python: '>=3.9,<3.14.0a0'
    setuptools: ''
    wheel: ''
  url: https://repo.anaconda.com/pkgs/main/noarch/pip-25.3-pyhc872135_0.conda
  hash:
    md5: f713912a259ec613b3832c3bc842e9d4
    sha256: 7f202833777e8b2ab96c154db1fac0e82d0ee004f4ec9460ba99e1d3f64c7e6a
  category: main
  optional: false
- name: pthread-stubs
  version: '0.3'
  manager: conda
  platform: linux-64
  dependencies:
    libgcc-ng: '>=7.2.0'
  url: https://repo.anaconda.com/pkgs/main/linux-64/pthread-stubs-0.3-h0ce48e5_1.conda
  hash:
    md5: 973a642312d2a28927aaf5b477c67250
    sha256: 119c5ad43fb92b2f14a25c53276072ee77ff6b40c72e6617b523b9de0eb0822a
  category: main
  optional: false
- name: python
  version: 3.10.15
  manager: conda
  platform: linux-64
  dependencies:
    bzip2: '>=1.0.8,<2.0a0'
    ld_impl_linux-64: '>=2.35.1'
    libffi: '>=3.4,<4.0a0'
    libgcc-ng: '>=11.2.0'
    libuuid: '>=1.41.5,<2.0a0'
    ncurses: '>=6.4,<7.0a0'
    openssl: '>=3.0.15,<4.0a0'
    readline: '>=8.1.2,<9.0a0'
    sqlite: '>=3.45.3,<4.0a0'
    tk: '>=8.6.14,<8.7.0a0'
    tzdata: ''
    xz: '>=5.4.6,<6.0a0'
    zlib: '>=1.2.13,<2.0.0a0'
  url: https://repo.anaconda.com/pkgs/main/linux-64/python-3.10.15-he870216_1.conda
  hash:
    md5: cb69a5008de51ea5af0d21b9b3dc6821
    sha256: 7fb27f76ac7fdd8be604f1405f0970bb06e1342c6226feee0c987eb1867b66af
  category: main
  optional: false
- name: python
  version: 3.10.15
  manager: conda
  platform: osx-64
  dependencies:
    bzip2: '>=1.0.8,<2.0a0'
    libffi: '>=3.4,<4.0a0'
    ncurses: '>=6.4,<7.0a0'
    openssl: '>=3.0.15,<4.0a0'
    readline: '>=8.1.2,<9.0a0'
    sqlite: '>=3.45.3,<4.0a0'
    tk: '>=8.6.14,<8.7.0a0'
    tzdata: ''
    xz: '>=5.4.6,<6.0a0'
    zlib: '>=1.2.13,<1.3.0a0'
  url: https://repo.anaconda.com/pkgs/main/osx-64/python-3.10.15-hce00570_1.conda
  hash:
    md5: 45b7372b48ab66caf90c5c2c02058549
    sha256: 575f2d04c4809ee4b4f051ff8cf252528c5d58044ecfa9c39c6d2c3a0c2d773e
  category: main
  optional: false
- name: readline
  version: '8.3'
  manager: conda
  platform: linux-64
  dependencies:
    __glibc: '>=2.17,<3.0.a0'
    libgcc-ng: '>=11.2.0'
    ncurses: '>=6.5,<7.0a0'
  url: https://repo.anaconda.com/pkgs/main/linux-64/readline-8.3-hc2a1206_0.conda
  hash:
    md5: 8578e006d4ef5cb98a6cda232b3490f6
    sha256: 0a438fa74f2776bde137017d6c18214b5da65b557f6a59f877fa4e091582f789
  category: main
  optional: false
- name: readline
  version: '8.3'
  manager: conda
  platform: osx-64
  dependencies:
    __osx: '>=10.15'
    ncurses: '>=6.5,<7.0a0'
  url: https://repo.anaconda.com/pkgs/main/osx-64/readline-8.3-h49f2429_0.conda
  hash:
    md5: 9cfeec293fac7385d9f79a7706fec481
    sha256: 7676f1fc83e0a1f35667f07a6d5903a739ca3f718b979171172344935836e616
  category: main
  optional: false
- name: setuptools
  version: 80.9.0
  manager: conda
  platform: linux-64
  dependencies:
    python: '>=3.10,<3.11.0a0'
  url: https://repo.anaconda.com/pkgs/main/linux-64/setuptools-80.9.0-py310h06a4308_0.conda
  hash:
    md5: 3c445e32d8828219328d4d46e1146c61
    sha256: 70a64f37953da9f8e59aaad54d7ed25df4c7a11658f74925d5996884cf6d8304
  category: main
  optional: false
- name: setuptools
  version: 78.1.1
  manager: conda
  platform: osx-64
  dependencies:
    python: '>=3.10,<3.11.0a0'
  url: https://repo.anaconda.com/pkgs/main/osx-64/setuptools-78.1.1-py310hecd8cb5_0.conda
  hash:
    md5: 487959f16f5fefc6ad3703645e90355f
    sha256: 8e762dc7613186302a2d2cb09601a5565db6c2e12d8c5547eeaab1d5da6c5b29
  category: main
  optional: false
- name: sqlite
  version: 3.51.0
  manager: conda
  platform: linux-64
  dependencies:
    __glibc: '>=2.28,<3.0.a0'
    libgcc-ng: '>=11.2.0'
    ncurses: '>=6.5,<7.0a0'
    readline: '>=8.3,<9.0a0'
    zlib: '>=1.2.13,<2.0a0'
  url: https://repo.anaconda.com/pkgs/main/linux-64/sqlite-3.51.0-h2a70700_0.conda
  hash:
    md5: 99a4278be9c6901ee6989b24fd213240
    sha256: b221a2eeb714f637146389d8e95e2496558413a9eb61e6723ed8d31a5984188a
  category: main
  optional: false
- name: sqlite
  version: 3.50.2
  manager: conda
  platform: osx-64
  dependencies:
    __osx: '>=10.15'
    ncurses: '>=6.4,<7.0a0'
    readline: '>=8.0,<9.0a0'
    zlib: '>=1.2.13,<2.0a0'
  url: https://repo.anaconda.com/pkgs/main/osx-64/sqlite-3.50.2-hc8b0dd6_1.conda
  hash:
    md5: c1036f04e8d13c68a27fe9da140e34f3
    sha256: fe376ff914ca3eb10ed1a8f2be3e83486fd4636d42b4188d66e3685b52bb007c
  category: main
  optional: false
- name: tk
  version: 8.6.15
  manager: conda
  platform: linux-64
  dependencies:
    __glibc: '>=2.17,<3.0.a0'
    libgcc-ng: '>=11.2.0'
    xorg-libx11: '>=1.8.12,<2.0a0'
    zlib: '>=1.2.13,<2.0.0a0'
  url: https://repo.anaconda.com/pkgs/main/linux-64/tk-8.6.15-h54e0aa7_0.conda
  hash:
    md5: 1fa91e0c4fc9c9435eda3f1a25a676fd
    sha256: a3bcd301ddd0bdb2f52f9bd3274fabe3c33d43ed61e58ee657efeac01b4be157
  category: main
  optional: false
- name: tk
  version: 8.6.15
  manager: conda
  platform: osx-64
  dependencies:
    __osx: '>=10.15'
    zlib: '>=1.2.13,<1.3.0a0'
  url: https://repo.anaconda.com/pkgs/main/osx-64/tk-8.6.15-h3a5a201_0.conda
  hash:
    md5: b622d9b8d9199d1414940143e0c8d244
    sha256: 81575da05bb9e2b796053466a4837591406718e80abd5c2ef1da3a9e0751d3f1
  category: main
  optional: false
- name: tzdata
  version: 2025b
  manager: conda
  platform: linux-64
  dependencies: {}
  url: https://repo.anaconda.com/pkgs/main/noarch/tzdata-2025b-h04d1e81_0.conda
  hash:
    md5: 1d027393db3427ab22a02aa44a56f143
    sha256: 3c9fefdfb2335e8641642e964cfaf20513d40ec709ab559b47b52d99b2e46fea
  category: main
  optional: false
- name: tzdata
  version: 2025b
  manager: conda
  platform: osx-64
  dependencies: {}
  url: https://repo.anaconda.com/pkgs/main/noarch/tzdata-2025b-h04d1e81_0.conda
  hash:
    md5: 1d027393db3427ab22a02aa44a56f143
    sha256: 3c9fefdfb2335e8641642e964cfaf20513d40ec709ab559b47b52d99b2e46fea
  category: main
  optional: false
- name: wheel
  version: 0.45.1
  manager: conda
  platform: linux-64
  dependencies:
    python: '>=3.10,<3.11.0a0'
  url: https://repo.anaconda.com/pkgs/main/linux-64/wheel-0.45.1-py310h06a4308_0.conda
  hash:
    md5: c7517b367f4a5a73ff88a8e888492ca8
    sha256: 302d150308d6093a32eb53740f1d68b8ea64348a49fce88d37c37779208df618
  category: main
  optional: false
- name: wheel
  version: 0.45.1
  manager: conda
  platform: osx-64
  dependencies:
    python: '>=3.10,<3.11.0a0'
  url: https://repo.anaconda.com/pkgs/main/osx-64/wheel-0.45.1-py310hecd8cb5_0.conda
  hash:
    md5: 05a7a66d28bd44e70fcf5a1db4b21848
    sha256: 922c2db9d348402a7e7001e7aa2c2a19f5ebf5f9460ef7b939a7b2d539af15e2
  category: main
  optional: false
- name: xorg-libx11
  version: 1.8.12
  manager: conda
  platform: linux-64
  dependencies:
    libgcc-ng: '>=11.2.0'
    libxcb: '>=1.17.0,<2.0a0'
    xorg-xorgproto: '>=2024.1,<2025.0a0'
  url: https://repo.anaconda.com/pkgs/main/linux-64/xorg-libx11-1.8.12-h9b100fa_1.conda
  hash:
    md5: 6298b27afae6f49f03765b2a03df2fcb
    sha256: e9e6228687c03d1c1318f6d7434e6c54f1a5e821def15d4926a5ce4c0a01a17e
  category: main
  optional: false
- name: xorg-libxau
  version: 1.0.12
  manager: conda
  platform: linux-64
  dependencies:
    libgcc-ng: '>=11.2.0'
  url: https://repo.anaconda.com/pkgs/main/linux-64/xorg-libxau-1.0.12-h9b100fa_0.conda
  hash:
    md5: a8005a9f6eb903e113cd5363e8a11459
    sha256: 68acf87da69a0237d5083798a9cc9b89d2887a84a5323aa740006b53cd5159ef
  category: main
  optional: false
- name: xorg-libxdmcp
  version: 1.1.5
  manager: conda
  platform: linux-64
  dependencies:
    libgcc-ng: '>=11.2.0'
  url: https://repo.anaconda.com/pkgs/main/linux-64/xorg-libxdmcp-1.1.5-h9b100fa_0.conda
  hash:
    md5: c284a09ddfba81d9c4e740110f09ea06
    sha256: 459c8497d1c22b020404b481fa12011abeb27d8eefde37dd4ac9f5a443fd5ac7
  category: main
  optional: false
- name: xorg-xorgproto
  version: '2024.1'
  manager: conda
  platform: linux-64
  dependencies:
    libgcc-ng: '>=11.2.0'
  url: https://repo.anaconda.com/pkgs/main/linux-64/xorg-xorgproto-2024.1-h5eee18b_1.conda
  hash:
    md5: 412a0d97a7a51d23326e57226189da92
    sha256: aa6d3ab9be5b43d3e8ac0c7e23f2a83c3959f8f30ec758e2fcae91f87a9b23b4
  category: main
  optional: false
- name: xz
  version: 5.6.4
  manager: conda
  platform: linux-64
  dependencies:
    libgcc-ng: '>=11.2.0'
  url: https://repo.anaconda.com/pkgs/main/linux-64/xz-5.6.4-h5eee18b_1.conda
  hash:
    md5: 3581505fa450962d631bd82b8616350e
    sha256: a9445543c2b1a1a96c052ac4535cfceb413cdbb0454a0710f9a4c98e7d5d0b1c
  category: main
  optional: false
- name: xz
  version: 5.6.4
  manager: conda
  platform: osx-64
  dependencies: {}
  url: https://repo.anaconda.com/pkgs/main/osx-64/xz-5.6.4-h46256e1_1.conda
  hash:
    md5: ce989a528575ad332a650bb7c7f7e5d5
    sha256: 08852a40efe5d1aaec895e75667d109f712936f70892dd3372581b9eba591002
  category: main
  optional: false
- name: zlib
  version: 1.3.1
  manager: conda
  platform: linux-64
  dependencies:
    __glibc: '>=2.17,<3.0.a0'
    libgcc-ng: '>=11.2.0'
    libzlib: 1.3.1
  url: https://repo.anaconda.com/pkgs/main/linux-64/zlib-1.3.1-hb25bd0a_0.conda
  hash:
    md5: 9f3a877e5e0fa0fb39253a59ff824861
    sha256: cf30f83189a30b12a9239f132ea0ce676fa822a52045adb0f9ff9b3b4d79ead6
  category: main
  optional: false
- name: zlib
  version: 1.2.13
  manager: conda
  platform: osx-64
  dependencies: {}
  url: https://repo.anaconda.com/pkgs/main/osx-64/zlib-1.2.13-h4b97444_1.conda
  hash:
    md5: 38e35f7c817fac0973034bfce6706ec2
    sha256: 37a384d85f059a46a138e99e0315a7b91925421cdcbffae8ef4b2ad9de985c01
  category: main
  optional: false
